// !$*UTF8*$!
{
	archiveVersion = 1;
	classes = {
	};
	objectVersion = 51;
	objects = {

/* Begin PBXBuildFile section */
		A40ABE3D2565E165003A4DD7 /* AppDelegate.swift in Sources */ = {isa = PBXBuildFile; fileRef = A40ABE3C2565E165003A4DD7 /* AppDelegate.swift */; };
		A40ABE3F2565E165003A4DD7 /* SceneDelegate.swift in Sources */ = {isa = PBXBuildFile; fileRef = A40ABE3E2565E165003A4DD7 /* SceneDelegate.swift */; };
		A40ABE442565E165003A4DD7 /* Main.storyboard in Resources */ = {isa = PBXBuildFile; fileRef = A40ABE422565E165003A4DD7 /* Main.storyboard */; };
		A40ABE462565E168003A4DD7 /* Assets.xcassets in Resources */ = {isa = PBXBuildFile; fileRef = A40ABE452565E168003A4DD7 /* Assets.xcassets */; };
		A40ABE492565E168003A4DD7 /* LaunchScreen.storyboard in Resources */ = {isa = PBXBuildFile; fileRef = A40ABE472565E168003A4DD7 /* LaunchScreen.storyboard */; };
		A40ABE512565E1E9003A4DD7 /* GoogleService-Info.plist in Resources */ = {isa = PBXBuildFile; fileRef = A40ABE502565E1E9003A4DD7 /* GoogleService-Info.plist */; };
		A40ABE532566F741003A4DD7 /* LoginViewController.swift in Sources */ = {isa = PBXBuildFile; fileRef = A40ABE522566F741003A4DD7 /* LoginViewController.swift */; };
		A40ABE562566F93D003A4DD7 /* SignupViewController.swift in Sources */ = {isa = PBXBuildFile; fileRef = A40ABE552566F93D003A4DD7 /* SignupViewController.swift */; };
		A40ABE5A256704EC003A4DD7 /* ArtUser.swift in Sources */ = {isa = PBXBuildFile; fileRef = A40ABE59256704EB003A4DD7 /* ArtUser.swift */; };
		D30C9A7D25678445000674D7 /* TabBarViewController.swift in Sources */ = {isa = PBXBuildFile; fileRef = D30C9A7C25678445000674D7 /* TabBarViewController.swift */; };
		F705F85B3B6E36BC4B79A089 /* Pods_Artwander.framework in Frameworks */ = {isa = PBXBuildFile; fileRef = 6190E2855BB451667650705D /* Pods_Artwander.framework */; };
/* End PBXBuildFile section */

/* Begin PBXFileReference section */
		6190E2855BB451667650705D /* Pods_Artwander.framework */ = {isa = PBXFileReference; explicitFileType = wrapper.framework; includeInIndex = 0; path = Pods_Artwander.framework; sourceTree = BUILT_PRODUCTS_DIR; };
		A40ABE392565E165003A4DD7 /* Artwander.app */ = {isa = PBXFileReference; explicitFileType = wrapper.application; includeInIndex = 0; path = Artwander.app; sourceTree = BUILT_PRODUCTS_DIR; };
		A40ABE3C2565E165003A4DD7 /* AppDelegate.swift */ = {isa = PBXFileReference; lastKnownFileType = sourcecode.swift; path = AppDelegate.swift; sourceTree = "<group>"; };
		A40ABE3E2565E165003A4DD7 /* SceneDelegate.swift */ = {isa = PBXFileReference; lastKnownFileType = sourcecode.swift; path = SceneDelegate.swift; sourceTree = "<group>"; };
		A40ABE432565E165003A4DD7 /* Base */ = {isa = PBXFileReference; lastKnownFileType = file.storyboard; name = Base; path = Base.lproj/Main.storyboard; sourceTree = "<group>"; };
		A40ABE452565E168003A4DD7 /* Assets.xcassets */ = {isa = PBXFileReference; lastKnownFileType = folder.assetcatalog; path = Assets.xcassets; sourceTree = "<group>"; };
		A40ABE482565E168003A4DD7 /* Base */ = {isa = PBXFileReference; lastKnownFileType = file.storyboard; name = Base; path = Base.lproj/LaunchScreen.storyboard; sourceTree = "<group>"; };
		A40ABE4A2565E168003A4DD7 /* Info.plist */ = {isa = PBXFileReference; lastKnownFileType = text.plist.xml; path = Info.plist; sourceTree = "<group>"; };
		A40ABE502565E1E9003A4DD7 /* GoogleService-Info.plist */ = {isa = PBXFileReference; fileEncoding = 4; lastKnownFileType = text.plist.xml; path = "GoogleService-Info.plist"; sourceTree = "<group>"; };
		A40ABE522566F741003A4DD7 /* LoginViewController.swift */ = {isa = PBXFileReference; lastKnownFileType = sourcecode.swift; path = LoginViewController.swift; sourceTree = "<group>"; };
		A40ABE552566F93D003A4DD7 /* SignupViewController.swift */ = {isa = PBXFileReference; lastKnownFileType = sourcecode.swift; path = SignupViewController.swift; sourceTree = "<group>"; };
		A40ABE59256704EB003A4DD7 /* ArtUser.swift */ = {isa = PBXFileReference; lastKnownFileType = sourcecode.swift; path = ArtUser.swift; sourceTree = "<group>"; };
		C2DEE09B64BFC307E3B2DEE0 /* Pods-Artwander.debug.xcconfig */ = {isa = PBXFileReference; includeInIndex = 1; lastKnownFileType = text.xcconfig; name = "Pods-Artwander.debug.xcconfig"; path = "Target Support Files/Pods-Artwander/Pods-Artwander.debug.xcconfig"; sourceTree = "<group>"; };
		D30C9A7C25678445000674D7 /* TabBarViewController.swift */ = {isa = PBXFileReference; lastKnownFileType = sourcecode.swift; path = TabBarViewController.swift; sourceTree = "<group>"; };
		DF21D32B418369D1824F21BD /* Pods-Artwander.release.xcconfig */ = {isa = PBXFileReference; includeInIndex = 1; lastKnownFileType = text.xcconfig; name = "Pods-Artwander.release.xcconfig"; path = "Target Support Files/Pods-Artwander/Pods-Artwander.release.xcconfig"; sourceTree = "<group>"; };
/* End PBXFileReference section */

/* Begin PBXFrameworksBuildPhase section */
		A40ABE362565E165003A4DD7 /* Frameworks */ = {
			isa = PBXFrameworksBuildPhase;
			buildActionMask = 2147483647;
			files = (
				F705F85B3B6E36BC4B79A089 /* Pods_Artwander.framework in Frameworks */,
			);
			runOnlyForDeploymentPostprocessing = 0;
		};
/* End PBXFrameworksBuildPhase section */

/* Begin PBXGroup section */
		192A7CED74EAF2D115DAD48D /* Frameworks */ = {
			isa = PBXGroup;
			children = (
				6190E2855BB451667650705D /* Pods_Artwander.framework */,
			);
			name = Frameworks;
			sourceTree = "<group>";
		};
		8F6B6616C64709346ACFAE9A /* Pods */ = {
			isa = PBXGroup;
			children = (
				C2DEE09B64BFC307E3B2DEE0 /* Pods-Artwander.debug.xcconfig */,
				DF21D32B418369D1824F21BD /* Pods-Artwander.release.xcconfig */,
			);
			path = Pods;
			sourceTree = "<group>";
		};
		A40ABE302565E165003A4DD7 = {
			isa = PBXGroup;
			children = (
				A40ABE3B2565E165003A4DD7 /* Artwander */,
				A40ABE3A2565E165003A4DD7 /* Products */,
				8F6B6616C64709346ACFAE9A /* Pods */,
				192A7CED74EAF2D115DAD48D /* Frameworks */,
			);
			sourceTree = "<group>";
		};
		A40ABE3A2565E165003A4DD7 /* Products */ = {
			isa = PBXGroup;
			children = (
				A40ABE392565E165003A4DD7 /* Artwander.app */,
			);
			name = Products;
			sourceTree = "<group>";
		};
		A40ABE3B2565E165003A4DD7 /* Artwander */ = {
			isa = PBXGroup;
			children = (
				A40ABE3C2565E165003A4DD7 /* AppDelegate.swift */,
				A40ABE502565E1E9003A4DD7 /* GoogleService-Info.plist */,
				A40ABE3E2565E165003A4DD7 /* SceneDelegate.swift */,
				A40ABE4A2565E168003A4DD7 /* Info.plist */,
				A40ABE58256704B4003A4DD7 /* Storyboards */,
				A40ABE57256704A2003A4DD7 /* Models */,
				A40ABE542566F755003A4DD7 /* ViewControllers */,
				A40ABE452565E168003A4DD7 /* Assets.xcassets */,
			);
			path = Artwander;
			sourceTree = "<group>";
		};
		A40ABE542566F755003A4DD7 /* ViewControllers */ = {
			isa = PBXGroup;
			children = (
				A40ABE522566F741003A4DD7 /* LoginViewController.swift */,
				A40ABE552566F93D003A4DD7 /* SignupViewController.swift */,
				D30C9A7C25678445000674D7 /* TabBarViewController.swift */,
			);
			path = ViewControllers;
			sourceTree = "<group>";
		};
		A40ABE57256704A2003A4DD7 /* Models */ = {
			isa = PBXGroup;
			children = (
				A40ABE59256704EB003A4DD7 /* ArtUser.swift */,
			);
			path = Models;
			sourceTree = "<group>";
		};
		A40ABE58256704B4003A4DD7 /* Storyboards */ = {
			isa = PBXGroup;
			children = (
				A40ABE422565E165003A4DD7 /* Main.storyboard */,
				A40ABE472565E168003A4DD7 /* LaunchScreen.storyboard */,
			);
			path = Storyboards;
			sourceTree = "<group>";
		};
/* End PBXGroup section */

/* Begin PBXNativeTarget section */
		A40ABE382565E165003A4DD7 /* Artwander */ = {
			isa = PBXNativeTarget;
			buildConfigurationList = A40ABE4D2565E168003A4DD7 /* Build configuration list for PBXNativeTarget "Artwander" */;
			buildPhases = (
				9A4C5549C7E2EAE8ECF69E57 /* [CP] Check Pods Manifest.lock */,
				A40ABE352565E165003A4DD7 /* Sources */,
				A40ABE362565E165003A4DD7 /* Frameworks */,
				A40ABE372565E165003A4DD7 /* Resources */,
				C1B66ADE9211EDB248924AE6 /* [CP] Embed Pods Frameworks */,
				5520D42E24E7952FD5D55D07 /* [CP] Copy Pods Resources */,
			);
			buildRules = (
			);
			dependencies = (
			);
			name = Artwander;
			productName = Artwander;
			productReference = A40ABE392565E165003A4DD7 /* Artwander.app */;
			productType = "com.apple.product-type.application";
		};
/* End PBXNativeTarget section */

/* Begin PBXProject section */
		A40ABE312565E165003A4DD7 /* Project object */ = {
			isa = PBXProject;
			attributes = {
				LastSwiftUpdateCheck = 1150;
				LastUpgradeCheck = 1150;
				ORGANIZATIONNAME = "Stefan Tanaskovic";
				TargetAttributes = {
					A40ABE382565E165003A4DD7 = {
						CreatedOnToolsVersion = 11.5;
					};
				};
			};
			buildConfigurationList = A40ABE342565E165003A4DD7 /* Build configuration list for PBXProject "Artwander" */;
			compatibilityVersion = "Xcode 9.3";
			developmentRegion = en;
			hasScannedForEncodings = 0;
			knownRegions = (
				en,
				Base,
			);
			mainGroup = A40ABE302565E165003A4DD7;
			productRefGroup = A40ABE3A2565E165003A4DD7 /* Products */;
			projectDirPath = "";
			projectRoot = "";
			targets = (
				A40ABE382565E165003A4DD7 /* Artwander */,
			);
		};
/* End PBXProject section */

/* Begin PBXResourcesBuildPhase section */
		A40ABE372565E165003A4DD7 /* Resources */ = {
			isa = PBXResourcesBuildPhase;
			buildActionMask = 2147483647;
			files = (
				A40ABE492565E168003A4DD7 /* LaunchScreen.storyboard in Resources */,
				A40ABE512565E1E9003A4DD7 /* GoogleService-Info.plist in Resources */,
				A40ABE462565E168003A4DD7 /* Assets.xcassets in Resources */,
				A40ABE442565E165003A4DD7 /* Main.storyboard in Resources */,
			);
			runOnlyForDeploymentPostprocessing = 0;
		};
/* End PBXResourcesBuildPhase section */

/* Begin PBXShellScriptBuildPhase section */
		5520D42E24E7952FD5D55D07 /* [CP] Copy Pods Resources */ = {
			isa = PBXShellScriptBuildPhase;
			buildActionMask = 2147483647;
			files = (
			);
			inputFileListPaths = (
				"${PODS_ROOT}/Target Support Files/Pods-Artwander/Pods-Artwander-resources-${CONFIGURATION}-input-files.xcfilelist",
			);
			name = "[CP] Copy Pods Resources";
			outputFileListPaths = (
				"${PODS_ROOT}/Target Support Files/Pods-Artwander/Pods-Artwander-resources-${CONFIGURATION}-output-files.xcfilelist",
			);
			runOnlyForDeploymentPostprocessing = 0;
			shellPath = /bin/sh;
			shellScript = "\"${PODS_ROOT}/Target Support Files/Pods-Artwander/Pods-Artwander-resources.sh\"\n";
			showEnvVarsInLog = 0;
		};
		9A4C5549C7E2EAE8ECF69E57 /* [CP] Check Pods Manifest.lock */ = {
			isa = PBXShellScriptBuildPhase;
			buildActionMask = 2147483647;
			files = (
			);
			inputFileListPaths = (
			);
			inputPaths = (
				"${PODS_PODFILE_DIR_PATH}/Podfile.lock",
				"${PODS_ROOT}/Manifest.lock",
			);
			name = "[CP] Check Pods Manifest.lock";
			outputFileListPaths = (
			);
			outputPaths = (
				"$(DERIVED_FILE_DIR)/Pods-Artwander-checkManifestLockResult.txt",
			);
			runOnlyForDeploymentPostprocessing = 0;
			shellPath = /bin/sh;
			shellScript = "diff \"${PODS_PODFILE_DIR_PATH}/Podfile.lock\" \"${PODS_ROOT}/Manifest.lock\" > /dev/null\nif [ $? != 0 ] ; then\n    # print error to STDERR\n    echo \"error: The sandbox is not in sync with the Podfile.lock. Run 'pod install' or update your CocoaPods installation.\" >&2\n    exit 1\nfi\n# This output is used by Xcode 'outputs' to avoid re-running this script phase.\necho \"SUCCESS\" > \"${SCRIPT_OUTPUT_FILE_0}\"\n";
			showEnvVarsInLog = 0;
		};
		C1B66ADE9211EDB248924AE6 /* [CP] Embed Pods Frameworks */ = {
			isa = PBXShellScriptBuildPhase;
			buildActionMask = 2147483647;
			files = (
			);
			inputFileListPaths = (
				"${PODS_ROOT}/Target Support Files/Pods-Artwander/Pods-Artwander-frameworks-${CONFIGURATION}-input-files.xcfilelist",
			);
			name = "[CP] Embed Pods Frameworks";
			outputFileListPaths = (
				"${PODS_ROOT}/Target Support Files/Pods-Artwander/Pods-Artwander-frameworks-${CONFIGURATION}-output-files.xcfilelist",
			);
			runOnlyForDeploymentPostprocessing = 0;
			shellPath = /bin/sh;
			shellScript = "\"${PODS_ROOT}/Target Support Files/Pods-Artwander/Pods-Artwander-frameworks.sh\"\n";
			showEnvVarsInLog = 0;
		};
/* End PBXShellScriptBuildPhase section */

/* Begin PBXSourcesBuildPhase section */
		A40ABE352565E165003A4DD7 /* Sources */ = {
			isa = PBXSourcesBuildPhase;
			buildActionMask = 2147483647;
			files = (
				A40ABE532566F741003A4DD7 /* LoginViewController.swift in Sources */,
				A40ABE3D2565E165003A4DD7 /* AppDelegate.swift in Sources */,
				A40ABE5A256704EC003A4DD7 /* ArtUser.swift in Sources */,
				A40ABE562566F93D003A4DD7 /* SignupViewController.swift in Sources */,
				D30C9A7D25678445000674D7 /* TabBarViewController.swift in Sources */,
				A40ABE3F2565E165003A4DD7 /* SceneDelegate.swift in Sources */,
			);
			runOnlyForDeploymentPostprocessing = 0;
		};
/* End PBXSourcesBuildPhase section */

/* Begin PBXVariantGroup section */
		A40ABE422565E165003A4DD7 /* Main.storyboard */ = {
			isa = PBXVariantGroup;
			children = (
				A40ABE432565E165003A4DD7 /* Base */,
			);
			name = Main.storyboard;
			sourceTree = "<group>";
		};
		A40ABE472565E168003A4DD7 /* LaunchScreen.storyboard */ = {
			isa = PBXVariantGroup;
			children = (
				A40ABE482565E168003A4DD7 /* Base */,
			);
			name = LaunchScreen.storyboard;
			sourceTree = "<group>";
		};
/* End PBXVariantGroup section */

/* Begin XCBuildConfiguration section */
		A40ABE4B2565E168003A4DD7 /* Debug */ = {
			isa = XCBuildConfiguration;
			buildSettings = {
				ALWAYS_SEARCH_USER_PATHS = NO;
				CLANG_ANALYZER_NONNULL = YES;
				CLANG_ANALYZER_NUMBER_OBJECT_CONVERSION = YES_AGGRESSIVE;
				CLANG_CXX_LANGUAGE_STANDARD = "gnu++14";
				CLANG_CXX_LIBRARY = "libc++";
				CLANG_ENABLE_MODULES = YES;
				CLANG_ENABLE_OBJC_ARC = YES;
				CLANG_ENABLE_OBJC_WEAK = YES;
				CLANG_WARN_BLOCK_CAPTURE_AUTORELEASING = YES;
				CLANG_WARN_BOOL_CONVERSION = YES;
				CLANG_WARN_COMMA = YES;
				CLANG_WARN_CONSTANT_CONVERSION = YES;
				CLANG_WARN_DEPRECATED_OBJC_IMPLEMENTATIONS = YES;
				CLANG_WARN_DIRECT_OBJC_ISA_USAGE = YES_ERROR;
				CLANG_WARN_DOCUMENTATION_COMMENTS = YES;
				CLANG_WARN_EMPTY_BODY = YES;
				CLANG_WARN_ENUM_CONVERSION = YES;
				CLANG_WARN_INFINITE_RECURSION = YES;
				CLANG_WARN_INT_CONVERSION = YES;
				CLANG_WARN_NON_LITERAL_NULL_CONVERSION = YES;
				CLANG_WARN_OBJC_IMPLICIT_RETAIN_SELF = YES;
				CLANG_WARN_OBJC_LITERAL_CONVERSION = YES;
				CLANG_WARN_OBJC_ROOT_CLASS = YES_ERROR;
				CLANG_WARN_RANGE_LOOP_ANALYSIS = YES;
				CLANG_WARN_STRICT_PROTOTYPES = YES;
				CLANG_WARN_SUSPICIOUS_MOVE = YES;
				CLANG_WARN_UNGUARDED_AVAILABILITY = YES_AGGRESSIVE;
				CLANG_WARN_UNREACHABLE_CODE = YES;
				CLANG_WARN__DUPLICATE_METHOD_MATCH = YES;
				COPY_PHASE_STRIP = NO;
				DEBUG_INFORMATION_FORMAT = dwarf;
				ENABLE_STRICT_OBJC_MSGSEND = YES;
				ENABLE_TESTABILITY = YES;
				GCC_C_LANGUAGE_STANDARD = gnu11;
				GCC_DYNAMIC_NO_PIC = NO;
				GCC_NO_COMMON_BLOCKS = YES;
				GCC_OPTIMIZATION_LEVEL = 0;
				GCC_PREPROCESSOR_DEFINITIONS = (
					"DEBUG=1",
					"$(inherited)",
				);
				GCC_WARN_64_TO_32_BIT_CONVERSION = YES;
				GCC_WARN_ABOUT_RETURN_TYPE = YES_ERROR;
				GCC_WARN_UNDECLARED_SELECTOR = YES;
				GCC_WARN_UNINITIALIZED_AUTOS = YES_AGGRESSIVE;
				GCC_WARN_UNUSED_FUNCTION = YES;
				GCC_WARN_UNUSED_VARIABLE = YES;
				IPHONEOS_DEPLOYMENT_TARGET = 13.5;
				MTL_ENABLE_DEBUG_INFO = INCLUDE_SOURCE;
				MTL_FAST_MATH = YES;
				ONLY_ACTIVE_ARCH = YES;
				SDKROOT = iphoneos;
				SWIFT_ACTIVE_COMPILATION_CONDITIONS = DEBUG;
				SWIFT_OPTIMIZATION_LEVEL = "-Onone";
			};
			name = Debug;
		};
		A40ABE4C2565E168003A4DD7 /* Release */ = {
			isa = XCBuildConfiguration;
			buildSettings = {
				ALWAYS_SEARCH_USER_PATHS = NO;
				CLANG_ANALYZER_NONNULL = YES;
				CLANG_ANALYZER_NUMBER_OBJECT_CONVERSION = YES_AGGRESSIVE;
				CLANG_CXX_LANGUAGE_STANDARD = "gnu++14";
				CLANG_CXX_LIBRARY = "libc++";
				CLANG_ENABLE_MODULES = YES;
				CLANG_ENABLE_OBJC_ARC = YES;
				CLANG_ENABLE_OBJC_WEAK = YES;
				CLANG_WARN_BLOCK_CAPTURE_AUTORELEASING = YES;
				CLANG_WARN_BOOL_CONVERSION = YES;
				CLANG_WARN_COMMA = YES;
				CLANG_WARN_CONSTANT_CONVERSION = YES;
				CLANG_WARN_DEPRECATED_OBJC_IMPLEMENTATIONS = YES;
				CLANG_WARN_DIRECT_OBJC_ISA_USAGE = YES_ERROR;
				CLANG_WARN_DOCUMENTATION_COMMENTS = YES;
				CLANG_WARN_EMPTY_BODY = YES;
				CLANG_WARN_ENUM_CONVERSION = YES;
				CLANG_WARN_INFINITE_RECURSION = YES;
				CLANG_WARN_INT_CONVERSION = YES;
				CLANG_WARN_NON_LITERAL_NULL_CONVERSION = YES;
				CLANG_WARN_OBJC_IMPLICIT_RETAIN_SELF = YES;
				CLANG_WARN_OBJC_LITERAL_CONVERSION = YES;
				CLANG_WARN_OBJC_ROOT_CLASS = YES_ERROR;
				CLANG_WARN_RANGE_LOOP_ANALYSIS = YES;
				CLANG_WARN_STRICT_PROTOTYPES = YES;
				CLANG_WARN_SUSPICIOUS_MOVE = YES;
				CLANG_WARN_UNGUARDED_AVAILABILITY = YES_AGGRESSIVE;
				CLANG_WARN_UNREACHABLE_CODE = YES;
				CLANG_WARN__DUPLICATE_METHOD_MATCH = YES;
				COPY_PHASE_STRIP = NO;
				DEBUG_INFORMATION_FORMAT = "dwarf-with-dsym";
				ENABLE_NS_ASSERTIONS = NO;
				ENABLE_STRICT_OBJC_MSGSEND = YES;
				GCC_C_LANGUAGE_STANDARD = gnu11;
				GCC_NO_COMMON_BLOCKS = YES;
				GCC_WARN_64_TO_32_BIT_CONVERSION = YES;
				GCC_WARN_ABOUT_RETURN_TYPE = YES_ERROR;
				GCC_WARN_UNDECLARED_SELECTOR = YES;
				GCC_WARN_UNINITIALIZED_AUTOS = YES_AGGRESSIVE;
				GCC_WARN_UNUSED_FUNCTION = YES;
				GCC_WARN_UNUSED_VARIABLE = YES;
				IPHONEOS_DEPLOYMENT_TARGET = 13.5;
				MTL_ENABLE_DEBUG_INFO = NO;
				MTL_FAST_MATH = YES;
				SDKROOT = iphoneos;
				SWIFT_COMPILATION_MODE = wholemodule;
				SWIFT_OPTIMIZATION_LEVEL = "-O";
				VALIDATE_PRODUCT = YES;
			};
			name = Release;
		};
		A40ABE4E2565E168003A4DD7 /* Debug */ = {
			isa = XCBuildConfiguration;
			baseConfigurationReference = C2DEE09B64BFC307E3B2DEE0 /* Pods-Artwander.debug.xcconfig */;
			buildSettings = {
				ASSETCATALOG_COMPILER_APPICON_NAME = AppIcon;
				CODE_SIGN_STYLE = Automatic;
				INFOPLIST_FILE = Artwander/Info.plist;
				IPHONEOS_DEPLOYMENT_TARGET = 13.2;
				LD_RUNPATH_SEARCH_PATHS = (
					"$(inherited)",
					"@executable_path/Frameworks",
				);
				PRODUCT_BUNDLE_IDENTIFIER = com.stefan.Artwander;
				PRODUCT_NAME = "$(TARGET_NAME)";
				SWIFT_VERSION = 5.0;
				TARGETED_DEVICE_FAMILY = "1,2";
			};
			name = Debug;
		};
		A40ABE4F2565E168003A4DD7 /* Release */ = {
			isa = XCBuildConfiguration;
			baseConfigurationReference = DF21D32B418369D1824F21BD /* Pods-Artwander.release.xcconfig */;
			buildSettings = {
				ASSETCATALOG_COMPILER_APPICON_NAME = AppIcon;
				CODE_SIGN_STYLE = Automatic;
				INFOPLIST_FILE = Artwander/Info.plist;
				IPHONEOS_DEPLOYMENT_TARGET = 13.2;
				LD_RUNPATH_SEARCH_PATHS = (
					"$(inherited)",
					"@executable_path/Frameworks",
				);
				PRODUCT_BUNDLE_IDENTIFIER = com.stefan.Artwander;
				PRODUCT_NAME = "$(TARGET_NAME)";
				SWIFT_VERSION = 5.0;
				TARGETED_DEVICE_FAMILY = "1,2";
			};
			name = Release;
		};
/* End XCBuildConfiguration section */

/* Begin XCConfigurationList section */
		A40ABE342565E165003A4DD7 /* Build configuration list for PBXProject "Artwander" */ = {
			isa = XCConfigurationList;
			buildConfigurations = (
				A40ABE4B2565E168003A4DD7 /* Debug */,
				A40ABE4C2565E168003A4DD7 /* Release */,
			);
			defaultConfigurationIsVisible = 0;
			defaultConfigurationName = Release;
		};
		A40ABE4D2565E168003A4DD7 /* Build configuration list for PBXNativeTarget "Artwander" */ = {
			isa = XCConfigurationList;
			buildConfigurations = (
				A40ABE4E2565E168003A4DD7 /* Debug */,
				A40ABE4F2565E168003A4DD7 /* Release */,
			);
			defaultConfigurationIsVisible = 0;
			defaultConfigurationName = Release;
		};
/* End XCConfigurationList section */
	};
	rootObject = A40ABE312565E165003A4DD7 /* Project object */;
}
